// !$*UTF8*$!
{
	archiveVersion = 1;
	classes = {
	};
	objectVersion = 46;
	objects = {

/* Begin PBXBuildFile section */
		09541F211A0152A1006C4C29 /* AppDelegate.swift in Sources */ = {isa = PBXBuildFile; fileRef = 09541F201A0152A1006C4C29 /* AppDelegate.swift */; };
		09541F231A0152A1006C4C29 /* ViewController.swift in Sources */ = {isa = PBXBuildFile; fileRef = 09541F221A0152A1006C4C29 /* ViewController.swift */; };
		09541F251A0152A1006C4C29 /* Images.xcassets in Resources */ = {isa = PBXBuildFile; fileRef = 09541F241A0152A1006C4C29 /* Images.xcassets */; };
		09541F281A0152A1006C4C29 /* Main.storyboard in Resources */ = {isa = PBXBuildFile; fileRef = 09541F261A0152A1006C4C29 /* Main.storyboard */; };
		09541F341A0152A1006C4C29 /* MGInvoiceTests.swift in Sources */ = {isa = PBXBuildFile; fileRef = 09541F331A0152A1006C4C29 /* MGInvoiceTests.swift */; };
/* End PBXBuildFile section */

/* Begin PBXContainerItemProxy section */
		09541F2E1A0152A1006C4C29 /* PBXContainerItemProxy */ = {
			isa = PBXContainerItemProxy;
			containerPortal = 09541F131A0152A1006C4C29 /* Project object */;
			proxyType = 1;
			remoteGlobalIDString = 09541F1A1A0152A1006C4C29;
			remoteInfo = MGInvoice;
		};
/* End PBXContainerItemProxy section */

/* Begin PBXFileReference section */
		09541F1B1A0152A1006C4C29 /* MGInvoice.app */ = {isa = PBXFileReference; explicitFileType = wrapper.application; includeInIndex = 0; path = MGInvoice.app; sourceTree = BUILT_PRODUCTS_DIR; };
		09541F1F1A0152A1006C4C29 /* Info.plist */ = {isa = PBXFileReference; lastKnownFileType = text.plist.xml; path = Info.plist; sourceTree = "<group>"; };
		09541F201A0152A1006C4C29 /* AppDelegate.swift */ = {isa = PBXFileReference; lastKnownFileType = sourcecode.swift; path = AppDelegate.swift; sourceTree = "<group>"; };
		09541F221A0152A1006C4C29 /* ViewController.swift */ = {isa = PBXFileReference; lastKnownFileType = sourcecode.swift; path = ViewController.swift; sourceTree = "<group>"; };
		09541F241A0152A1006C4C29 /* Images.xcassets */ = {isa = PBXFileReference; lastKnownFileType = folder.assetcatalog; path = Images.xcassets; sourceTree = "<group>"; };
		09541F271A0152A1006C4C29 /* Base */ = {isa = PBXFileReference; lastKnownFileType = file.storyboard; name = Base; path = Base.lproj/Main.storyboard; sourceTree = "<group>"; };
		09541F2D1A0152A1006C4C29 /* MGInvoiceTests.xctest */ = {isa = PBXFileReference; explicitFileType = wrapper.cfbundle; includeInIndex = 0; path = MGInvoiceTests.xctest; sourceTree = BUILT_PRODUCTS_DIR; };
		09541F321A0152A1006C4C29 /* Info.plist */ = {isa = PBXFileReference; lastKnownFileType = text.plist.xml; path = Info.plist; sourceTree = "<group>"; };
		09541F331A0152A1006C4C29 /* MGInvoiceTests.swift */ = {isa = PBXFileReference; lastKnownFileType = sourcecode.swift; path = MGInvoiceTests.swift; sourceTree = "<group>"; };
/* End PBXFileReference section */

/* Begin PBXFrameworksBuildPhase section */
		09541F181A0152A1006C4C29 /* Frameworks */ = {
			isa = PBXFrameworksBuildPhase;
			buildActionMask = 2147483647;
			files = (
			);
			runOnlyForDeploymentPostprocessing = 0;
		};
		09541F2A1A0152A1006C4C29 /* Frameworks */ = {
			isa = PBXFrameworksBuildPhase;
			buildActionMask = 2147483647;
			files = (
			);
			runOnlyForDeploymentPostprocessing = 0;
		};
/* End PBXFrameworksBuildPhase section */

/* Begin PBXGroup section */
		09541F121A0152A1006C4C29 = {
			isa = PBXGroup;
			children = (
				09541F1D1A0152A1006C4C29 /* MGInvoice */,
				09541F301A0152A1006C4C29 /* MGInvoiceTests */,
				09541F1C1A0152A1006C4C29 /* Products */,
			);
			sourceTree = "<group>";
		};
		09541F1C1A0152A1006C4C29 /* Products */ = {
			isa = PBXGroup;
			children = (
				09541F1B1A0152A1006C4C29 /* MGInvoice.app */,
				09541F2D1A0152A1006C4C29 /* MGInvoiceTests.xctest */,
			);
			name = Products;
			sourceTree = "<group>";
		};
		09541F1D1A0152A1006C4C29 /* MGInvoice */ = {
			isa = PBXGroup;
			children = (
				09541F201A0152A1006C4C29 /* AppDelegate.swift */,
				09541F221A0152A1006C4C29 /* ViewController.swift */,
				09541F241A0152A1006C4C29 /* Images.xcassets */,
				09541F261A0152A1006C4C29 /* Main.storyboard */,
				09541F1E1A0152A1006C4C29 /* Supporting Files */,
			);
			path = MGInvoice;
			sourceTree = "<group>";
		};
		09541F1E1A0152A1006C4C29 /* Supporting Files */ = {
			isa = PBXGroup;
			children = (
				09541F1F1A0152A1006C4C29 /* Info.plist */,
			);
			name = "Supporting Files";
			sourceTree = "<group>";
		};
		09541F301A0152A1006C4C29 /* MGInvoiceTests */ = {
			isa = PBXGroup;
			children = (
				09541F331A0152A1006C4C29 /* MGInvoiceTests.swift */,
				09541F311A0152A1006C4C29 /* Supporting Files */,
			);
			path = MGInvoiceTests;
			sourceTree = "<group>";
		};
		09541F311A0152A1006C4C29 /* Supporting Files */ = {
			isa = PBXGroup;
			children = (
				09541F321A0152A1006C4C29 /* Info.plist */,
			);
			name = "Supporting Files";
			sourceTree = "<group>";
		};
/* End PBXGroup section */

/* Begin PBXNativeTarget section */
		09541F1A1A0152A1006C4C29 /* MGInvoice */ = {
			isa = PBXNativeTarget;
			buildConfigurationList = 09541F371A0152A1006C4C29 /* Build configuration list for PBXNativeTarget "MGInvoice" */;
			buildPhases = (
				09541F171A0152A1006C4C29 /* Sources */,
				09541F181A0152A1006C4C29 /* Frameworks */,
				09541F191A0152A1006C4C29 /* Resources */,
			);
			buildRules = (
			);
			dependencies = (
			);
			name = MGInvoice;
			productName = MGInvoice;
			productReference = 09541F1B1A0152A1006C4C29 /* MGInvoice.app */;
			productType = "com.apple.product-type.application";
		};
		09541F2C1A0152A1006C4C29 /* MGInvoiceTests */ = {
			isa = PBXNativeTarget;
			buildConfigurationList = 09541F3A1A0152A1006C4C29 /* Build configuration list for PBXNativeTarget "MGInvoiceTests" */;
			buildPhases = (
				09541F291A0152A1006C4C29 /* Sources */,
				09541F2A1A0152A1006C4C29 /* Frameworks */,
				09541F2B1A0152A1006C4C29 /* Resources */,
			);
			buildRules = (
			);
			dependencies = (
				09541F2F1A0152A1006C4C29 /* PBXTargetDependency */,
			);
			name = MGInvoiceTests;
			productName = MGInvoiceTests;
			productReference = 09541F2D1A0152A1006C4C29 /* MGInvoiceTests.xctest */;
			productType = "com.apple.product-type.bundle.unit-test";
		};
/* End PBXNativeTarget section */

/* Begin PBXProject section */
		09541F131A0152A1006C4C29 /* Project object */ = {
			isa = PBXProject;
			attributes = {
				LastUpgradeCheck = 0610;
				ORGANIZATIONNAME = "Mads Gadeberg Jensen";
				TargetAttributes = {
					09541F1A1A0152A1006C4C29 = {
						CreatedOnToolsVersion = 6.1;
					};
					09541F2C1A0152A1006C4C29 = {
						CreatedOnToolsVersion = 6.1;
						TestTargetID = 09541F1A1A0152A1006C4C29;
					};
				};
			};
			buildConfigurationList = 09541F161A0152A1006C4C29 /* Build configuration list for PBXProject "MGInvoice" */;
			compatibilityVersion = "Xcode 3.2";
			developmentRegion = English;
			hasScannedForEncodings = 0;
			knownRegions = (
				en,
				Base,
			);
			mainGroup = 09541F121A0152A1006C4C29;
			productRefGroup = 09541F1C1A0152A1006C4C29 /* Products */;
			projectDirPath = "";
			projectRoot = "";
			targets = (
				09541F1A1A0152A1006C4C29 /* MGInvoice */,
				09541F2C1A0152A1006C4C29 /* MGInvoiceTests */,
			);
		};
/* End PBXProject section */

/* Begin PBXResourcesBuildPhase section */
		09541F191A0152A1006C4C29 /* Resources */ = {
			isa = PBXResourcesBuildPhase;
			buildActionMask = 2147483647;
			files = (
				09541F251A0152A1006C4C29 /* Images.xcassets in Resources */,
				09541F281A0152A1006C4C29 /* Main.storyboard in Resources */,
			);
			runOnlyForDeploymentPostprocessing = 0;
		};
		09541F2B1A0152A1006C4C29 /* Resources */ = {
			isa = PBXResourcesBuildPhase;
			buildActionMask = 2147483647;
			files = (
			);
			runOnlyForDeploymentPostprocessing = 0;
		};
/* End PBXResourcesBuildPhase section */

/* Begin PBXSourcesBuildPhase section */
		09541F171A0152A1006C4C29 /* Sources */ = {
			isa = PBXSourcesBuildPhase;
			buildActionMask = 2147483647;
			files = (
				09541F231A0152A1006C4C29 /* ViewController.swift in Sources */,
				09541F211A0152A1006C4C29 /* AppDelegate.swift in Sources */,
			);
			runOnlyForDeploymentPostprocessing = 0;
		};
		09541F291A0152A1006C4C29 /* Sources */ = {
			isa = PBXSourcesBuildPhase;
			buildActionMask = 2147483647;
			files = (
				09541F341A0152A1006C4C29 /* MGInvoiceTests.swift in Sources */,
			);
			runOnlyForDeploymentPostprocessing = 0;
		};
/* End PBXSourcesBuildPhase section */

/* Begin PBXTargetDependency section */
		09541F2F1A0152A1006C4C29 /* PBXTargetDependency */ = {
			isa = PBXTargetDependency;
			target = 09541F1A1A0152A1006C4C29 /* MGInvoice */;
			targetProxy = 09541F2E1A0152A1006C4C29 /* PBXContainerItemProxy */;
		};
/* End PBXTargetDependency section */

/* Begin PBXVariantGroup section */
		09541F261A0152A1006C4C29 /* Main.storyboard */ = {
			isa = PBXVariantGroup;
			children = (
				09541F271A0152A1006C4C29 /* Base */,
			);
			name = Main.storyboard;
			sourceTree = "<group>";
		};
/* End PBXVariantGroup section */

/* Begin XCBuildConfiguration section */
		09541F351A0152A1006C4C29 /* Debug */ = {
			isa = XCBuildConfiguration;
			buildSettings = {
				ALWAYS_SEARCH_USER_PATHS = NO;
				CLANG_CXX_LANGUAGE_STANDARD = "gnu++0x";
				CLANG_CXX_LIBRARY = "libc++";
				CLANG_ENABLE_MODULES = YES;
				CLANG_ENABLE_OBJC_ARC = YES;
				CLANG_WARN_BOOL_CONVERSION = YES;
				CLANG_WARN_CONSTANT_CONVERSION = YES;
				CLANG_WARN_DIRECT_OBJC_ISA_USAGE = YES_ERROR;
				CLANG_WARN_EMPTY_BODY = YES;
				CLANG_WARN_ENUM_CONVERSION = YES;
				CLANG_WARN_INT_CONVERSION = YES;
				CLANG_WARN_OBJC_ROOT_CLASS = YES_ERROR;
				CLANG_WARN_UNREACHABLE_CODE = YES;
				CLANG_WARN__DUPLICATE_METHOD_MATCH = YES;
				CODE_SIGN_IDENTITY = "-";
				COPY_PHASE_STRIP = NO;
				ENABLE_STRICT_OBJC_MSGSEND = YES;
				GCC_C_LANGUAGE_STANDARD = gnu99;
				GCC_DYNAMIC_NO_PIC = NO;
				GCC_OPTIMIZATION_LEVEL = 0;
				GCC_PREPROCESSOR_DEFINITIONS = (
					"DEBUG=1",
					"$(inherited)",
				);
				GCC_SYMBOLS_PRIVATE_EXTERN = NO;
				GCC_WARN_64_TO_32_BIT_CONVERSION = YES;
				GCC_WARN_ABOUT_RETURN_TYPE = YES_ERROR;
				GCC_WARN_UNDECLARED_SELECTOR = YES;
				GCC_WARN_UNINITIALIZED_AUTOS = YES_AGGRESSIVE;
				GCC_WARN_UNUSED_FUNCTION = YES;
				GCC_WARN_UNUSED_VARIABLE = YES;
				MACOSX_DEPLOYMENT_TARGET = 10.10;
				MTL_ENABLE_DEBUG_INFO = YES;
				ONLY_ACTIVE_ARCH = YES;
				SDKROOT = macosx;
				SWIFT_OPTIMIZATION_LEVEL = "-Onone";
			};
			name = Debug;
		};
		09541F361A0152A1006C4C29 /* Release */ = {
			isa = XCBuildConfiguration;
			buildSettings = {
				ALWAYS_SEARCH_USER_PATHS = NO;
				CLANG_CXX_LANGUAGE_STANDARD = "gnu++0x";
				CLANG_CXX_LIBRARY = "libc++";
				CLANG_ENABLE_MODULES = YES;
				CLANG_ENABLE_OBJC_ARC = YES;
				CLANG_WARN_BOOL_CONVERSION = YES;
				CLANG_WARN_CONSTANT_CONVERSION = YES;
				CLANG_WARN_DIRECT_OBJC_ISA_USAGE = YES_ERROR;
				CLANG_WARN_EMPTY_BODY = YES;
				CLANG_WARN_ENUM_CONVERSION = YES;
				CLANG_WARN_INT_CONVERSION = YES;
				CLANG_WARN_OBJC_ROOT_CLASS = YES_ERROR;
				CLANG_WARN_UNREACHABLE_CODE = YES;
				CLANG_WARN__DUPLICATE_METHOD_MATCH = YES;
				CODE_SIGN_IDENTITY = "-";
				COPY_PHASE_STRIP = YES;
				DEBUG_INFORMATION_FORMAT = "dwarf-with-dsym";
				ENABLE_NS_ASSERTIONS = NO;
				ENABLE_STRICT_OBJC_MSGSEND = YES;
				GCC_C_LANGUAGE_STANDARD = gnu99;
				GCC_WARN_64_TO_32_BIT_CONVERSION = YES;
				GCC_WARN_ABOUT_RETURN_TYPE = YES_ERROR;
				GCC_WARN_UNDECLARED_SELECTOR = YES;
				GCC_WARN_UNINITIALIZED_AUTOS = YES_AGGRESSIVE;
				GCC_WARN_UNUSED_FUNCTION = YES;
				GCC_WARN_UNUSED_VARIABLE = YES;
				MACOSX_DEPLOYMENT_TARGET = 10.10;
				MTL_ENABLE_DEBUG_INFO = NO;
				SDKROOT = macosx;
			};
			name = Release;
		};
		09541F381A0152A1006C4C29 /* Debug */ = {
			isa = XCBuildConfiguration;
			buildSettings = {
				ASSETCATALOG_COMPILER_APPICON_NAME = AppIcon;
				COMBINE_HIDPI_IMAGES = YES;
				INFOPLIST_FILE = MGInvoice/Info.plist;
				LD_RUNPATH_SEARCH_PATHS = "$(inherited) @executable_path/../Frameworks";
				PRODUCT_NAME = "$(TARGET_NAME)";
			};
			name = Debug;
		};
		09541F391A0152A1006C4C29 /* Release */ = {
			isa = XCBuildConfiguration;
			buildSettings = {
				ASSETCATALOG_COMPILER_APPICON_NAME = AppIcon;
				COMBINE_HIDPI_IMAGES = YES;
				INFOPLIST_FILE = MGInvoice/Info.plist;
				LD_RUNPATH_SEARCH_PATHS = "$(inherited) @executable_path/../Frameworks";
				PRODUCT_NAME = "$(TARGET_NAME)";
			};
			name = Release;
		};
		09541F3B1A0152A1006C4C29 /* Debug */ = {
			isa = XCBuildConfiguration;
			buildSettings = {
				BUNDLE_LOADER = "$(TEST_HOST)";
				COMBINE_HIDPI_IMAGES = YES;
				FRAMEWORK_SEARCH_PATHS = (
					"$(DEVELOPER_FRAMEWORKS_DIR)",
					"$(inherited)",
				);
				GCC_PREPROCESSOR_DEFINITIONS = (
					"DEBUG=1",
					"$(inherited)",
				);
				INFOPLIST_FILE = MGInvoiceTests/Info.plist;
				LD_RUNPATH_SEARCH_PATHS = "$(inherited) @executable_path/../Frameworks @loader_path/../Frameworks";
				PRODUCT_NAME = "$(TARGET_NAME)";
				TEST_HOST = "$(BUILT_PRODUCTS_DIR)/MGInvoice.app/Contents/MacOS/MGInvoice";
			};
			name = Debug;
		};
		09541F3C1A0152A1006C4C29 /* Release */ = {
			isa = XCBuildConfiguration;
			buildSettings = {
				BUNDLE_LOADER = "$(TEST_HOST)";
				COMBINE_HIDPI_IMAGES = YES;
				FRAMEWORK_SEARCH_PATHS = (
					"$(DEVELOPER_FRAMEWORKS_DIR)",
					"$(inherited)",
				);
				INFOPLIST_FILE = MGInvoiceTests/Info.plist;
				LD_RUNPATH_SEARCH_PATHS = "$(inherited) @executable_path/../Frameworks @loader_path/../Frameworks";
				PRODUCT_NAME = "$(TARGET_NAME)";
				TEST_HOST = "$(BUILT_PRODUCTS_DIR)/MGInvoice.app/Contents/MacOS/MGInvoice";
			};
			name = Release;
		};
/* End XCBuildConfiguration section */

/* Begin XCConfigurationList section */
		09541F161A0152A1006C4C29 /* Build configuration list for PBXProject "MGInvoice" */ = {
			isa = XCConfigurationList;
			buildConfigurations = (
				09541F351A0152A1006C4C29 /* Debug */,
				09541F361A0152A1006C4C29 /* Release */,
			);
			defaultConfigurationIsVisible = 0;
			defaultConfigurationName = Release;
		};
		09541F371A0152A1006C4C29 /* Build configuration list for PBXNativeTarget "MGInvoice" */ = {
			isa = XCConfigurationList;
			buildConfigurations = (
				09541F381A0152A1006C4C29 /* Debug */,
				09541F391A0152A1006C4C29 /* Release */,
			);
			defaultConfigurationIsVisible = 0;
		};
		09541F3A1A0152A1006C4C29 /* Build configuration list for PBXNativeTarget "MGInvoiceTests" */ = {
			isa = XCConfigurationList;
			buildConfigurations = (
				09541F3B1A0152A1006C4C29 /* Debug */,
				09541F3C1A0152A1006C4C29 /* Release */,
			);
			defaultConfigurationIsVisible = 0;
		};
/* End XCConfigurationList section */
	};
	rootObject = 09541F131A0152A1006C4C29 /* Project object */;
}
